
Microsoft Visual Studio Solution File, Format Version 12.00
# Visual Studio 15
VisualStudioVersion = 15.0.28307.572
MinimumVisualStudioVersion = 10.0.40219.1
Project("{FAE04EC0-301F-11D3-BF4B-00C04F79EFBC}") = "WpfApp2", "WpfApp2\WpfApp2.csproj", "{CE98FFD2-E62D-4E7A-B37D-7C6977576AF1}"
EndProject
Global
	GlobalSection(SolutionConfigurationPlatforms) = preSolution
		Debug|Any CPU = Debug|Any CPU
		Release|Any CPU = Release|Any CPU
	EndGlobalSection
	GlobalSection(ProjectConfigurationPlatforms) = postSolution
		{CE98FFD2-E62D-4E7A-B37D-7C6977576AF1}.Debug|Any CPU.ActiveCfg = Debug|Any CPU
		{CE98FFD2-E62D-4E7A-B37D-7C6977576AF1}.Debug|Any CPU.Build.0 = Debug|Any CPU
		{CE98FFD2-E62D-4E7A-B37D-7C6977576AF1}.Release|Any CPU.ActiveCfg = Release|Any CPU
		{CE98FFD2-E62D-4E7A-B37D-7C6977576AF1}.Release|Any CPU.Build.0 = Release|Any CPU
	EndGlobalSection
	GlobalSection(SolutionProperties) = preSolution
		HideSolutionNode = FALSE
	EndGlobalSection
	GlobalSection(ExtensibilityGlobals) = postSolution
		SolutionGuid = {F641F15E-CCE6-4BD4-9B5F-AC47908EF986}
	EndGlobalSection
EndGlobal
